
Microsoft Visual Studio Solution File, Format Version 12.00
# Visual Studio Version 17
VisualStudioVersion = 17.4.33103.184
MinimumVisualStudioVersion = 10.0.40219.1
Project("{FAE04EC0-301F-11D3-BF4B-00C04F79EFBC}") = "SabahLama", "SabahLama.csproj", "{D059FC5A-F97A-4A23-8FC8-6A313A1B2722}"
EndProject
Global
	GlobalSection(SolutionConfigurationPlatforms) = preSolution
		Debug|Any CPU = Debug|Any CPU
		Release|Any CPU = Release|Any CPU
	EndGlobalSection
	GlobalSection(ProjectConfigurationPlatforms) = postSolution
		{D059FC5A-F97A-4A23-8FC8-6A313A1B2722}.Debug|Any CPU.ActiveCfg = Debug|Any CPU
		{D059FC5A-F97A-4A23-8FC8-6A313A1B2722}.Debug|Any CPU.Build.0 = Debug|Any CPU
		{D059FC5A-F97A-4A23-8FC8-6A313A1B2722}.Release|Any CPU.ActiveCfg = Release|Any CPU
		{D059FC5A-F97A-4A23-8FC8-6A313A1B2722}.Release|Any CPU.Build.0 = Release|Any CPU
	EndGlobalSection
	GlobalSection(SolutionProperties) = preSolution
		HideSolutionNode = FALSE
	EndGlobalSection
	GlobalSection(ExtensibilityGlobals) = postSolution
		SolutionGuid = {96142CB7-FCB6-4431-A1BB-98B8B0983FCB}
	EndGlobalSection
EndGlobal
