
Microsoft Visual Studio Solution File, Format Version 12.00
# Visual Studio Version 17
VisualStudioVersion = 17.4.33103.184
MinimumVisualStudioVersion = 10.0.40219.1
Project("{FAE04EC0-301F-11D3-BF4B-00C04F79EFBC}") = "Exercises_H", "Exercises_H.csproj", "{BC20E198-9BC0-48F6-84AD-0C48E570C793}"
EndProject
Global
	GlobalSection(SolutionConfigurationPlatforms) = preSolution
		Debug|Any CPU = Debug|Any CPU
		Release|Any CPU = Release|Any CPU
	EndGlobalSection
	GlobalSection(ProjectConfigurationPlatforms) = postSolution
		{BC20E198-9BC0-48F6-84AD-0C48E570C793}.Debug|Any CPU.ActiveCfg = Debug|Any CPU
		{BC20E198-9BC0-48F6-84AD-0C48E570C793}.Debug|Any CPU.Build.0 = Debug|Any CPU
		{BC20E198-9BC0-48F6-84AD-0C48E570C793}.Release|Any CPU.ActiveCfg = Release|Any CPU
		{BC20E198-9BC0-48F6-84AD-0C48E570C793}.Release|Any CPU.Build.0 = Release|Any CPU
	EndGlobalSection
	GlobalSection(SolutionProperties) = preSolution
		HideSolutionNode = FALSE
	EndGlobalSection
	GlobalSection(ExtensibilityGlobals) = postSolution
		SolutionGuid = {117289C0-FF79-406B-91CC-ADD7508027A0}
	EndGlobalSection
EndGlobal
