
Microsoft Visual Studio Solution File, Format Version 12.00
# Visual Studio Version 17
VisualStudioVersion = 17.4.33103.184
MinimumVisualStudioVersion = 10.0.40219.1
Project("{FAE04EC0-301F-11D3-BF4B-00C04F79EFBC}") = "vcVideos", "vcVideos.csproj", "{B9BD88CC-8F65-4398-87A0-E57F1BF177D4}"
EndProject
Global
	GlobalSection(SolutionConfigurationPlatforms) = preSolution
		Debug|Any CPU = Debug|Any CPU
		Release|Any CPU = Release|Any CPU
	EndGlobalSection
	GlobalSection(ProjectConfigurationPlatforms) = postSolution
		{B9BD88CC-8F65-4398-87A0-E57F1BF177D4}.Debug|Any CPU.ActiveCfg = Debug|Any CPU
		{B9BD88CC-8F65-4398-87A0-E57F1BF177D4}.Debug|Any CPU.Build.0 = Debug|Any CPU
		{B9BD88CC-8F65-4398-87A0-E57F1BF177D4}.Release|Any CPU.ActiveCfg = Release|Any CPU
		{B9BD88CC-8F65-4398-87A0-E57F1BF177D4}.Release|Any CPU.Build.0 = Release|Any CPU
	EndGlobalSection
	GlobalSection(SolutionProperties) = preSolution
		HideSolutionNode = FALSE
	EndGlobalSection
	GlobalSection(ExtensibilityGlobals) = postSolution
		SolutionGuid = {C74DFFF4-82C5-428E-A51B-F39FF47290B5}
	EndGlobalSection
EndGlobal
