
Microsoft Visual Studio Solution File, Format Version 12.00
# Visual Studio Version 17
VisualStudioVersion = 17.3.32929.385
MinimumVisualStudioVersion = 10.0.40219.1
Project("{FAE04EC0-301F-11D3-BF4B-00C04F79EFBC}") = "InheritanceOfObjects", "InheritanceOfObjects.csproj", "{7C3B00CB-8FC6-4EBB-B158-EF0A723BEE3C}"
EndProject
Global
	GlobalSection(SolutionConfigurationPlatforms) = preSolution
		Debug|Any CPU = Debug|Any CPU
		Release|Any CPU = Release|Any CPU
	EndGlobalSection
	GlobalSection(ProjectConfigurationPlatforms) = postSolution
		{7C3B00CB-8FC6-4EBB-B158-EF0A723BEE3C}.Debug|Any CPU.ActiveCfg = Debug|Any CPU
		{7C3B00CB-8FC6-4EBB-B158-EF0A723BEE3C}.Debug|Any CPU.Build.0 = Debug|Any CPU
		{7C3B00CB-8FC6-4EBB-B158-EF0A723BEE3C}.Release|Any CPU.ActiveCfg = Release|Any CPU
		{7C3B00CB-8FC6-4EBB-B158-EF0A723BEE3C}.Release|Any CPU.Build.0 = Release|Any CPU
	EndGlobalSection
	GlobalSection(SolutionProperties) = preSolution
		HideSolutionNode = FALSE
	EndGlobalSection
	GlobalSection(ExtensibilityGlobals) = postSolution
		SolutionGuid = {F6F2774A-7253-4FAE-A30E-A3A013AC0D82}
	EndGlobalSection
EndGlobal
