
Microsoft Visual Studio Solution File, Format Version 12.00
# Visual Studio Version 17
VisualStudioVersion = 17.3.32929.385
MinimumVisualStudioVersion = 10.0.40219.1
Project("{FAE04EC0-301F-11D3-BF4B-00C04F79EFBC}") = "PhotoBook", "PhotoBook.csproj", "{49EE86DC-06A0-4BD8-BD7E-176DE092D8A3}"
EndProject
Global
	GlobalSection(SolutionConfigurationPlatforms) = preSolution
		Debug|Any CPU = Debug|Any CPU
		Release|Any CPU = Release|Any CPU
	EndGlobalSection
	GlobalSection(ProjectConfigurationPlatforms) = postSolution
		{49EE86DC-06A0-4BD8-BD7E-176DE092D8A3}.Debug|Any CPU.ActiveCfg = Debug|Any CPU
		{49EE86DC-06A0-4BD8-BD7E-176DE092D8A3}.Debug|Any CPU.Build.0 = Debug|Any CPU
		{49EE86DC-06A0-4BD8-BD7E-176DE092D8A3}.Release|Any CPU.ActiveCfg = Release|Any CPU
		{49EE86DC-06A0-4BD8-BD7E-176DE092D8A3}.Release|Any CPU.Build.0 = Release|Any CPU
	EndGlobalSection
	GlobalSection(SolutionProperties) = preSolution
		HideSolutionNode = FALSE
	EndGlobalSection
	GlobalSection(ExtensibilityGlobals) = postSolution
		SolutionGuid = {2D533BE2-6A31-42D2-908A-B32029B9F99A}
	EndGlobalSection
EndGlobal
