
Microsoft Visual Studio Solution File, Format Version 12.00
# Visual Studio Version 17
VisualStudioVersion = 17.3.32929.385
MinimumVisualStudioVersion = 10.0.40219.1
Project("{FAE04EC0-301F-11D3-BF4B-00C04F79EFBC}") = "week_6", "week_6.csproj", "{3B41A7B4-A334-466B-85AF-654F3093CA6C}"
EndProject
Global
	GlobalSection(SolutionConfigurationPlatforms) = preSolution
		Debug|Any CPU = Debug|Any CPU
		Release|Any CPU = Release|Any CPU
	EndGlobalSection
	GlobalSection(ProjectConfigurationPlatforms) = postSolution
		{3B41A7B4-A334-466B-85AF-654F3093CA6C}.Debug|Any CPU.ActiveCfg = Debug|Any CPU
		{3B41A7B4-A334-466B-85AF-654F3093CA6C}.Debug|Any CPU.Build.0 = Debug|Any CPU
		{3B41A7B4-A334-466B-85AF-654F3093CA6C}.Release|Any CPU.ActiveCfg = Release|Any CPU
		{3B41A7B4-A334-466B-85AF-654F3093CA6C}.Release|Any CPU.Build.0 = Release|Any CPU
	EndGlobalSection
	GlobalSection(SolutionProperties) = preSolution
		HideSolutionNode = FALSE
	EndGlobalSection
	GlobalSection(ExtensibilityGlobals) = postSolution
		SolutionGuid = {10C670F7-EEF3-4BBE-BA5F-3795DC93E1AC}
	EndGlobalSection
EndGlobal
